// !$*UTF8*$!
{
	archiveVersion = 1;
	classes = {
	};
	objectVersion = 50;
	objects = {

/* Begin PBXBuildFile section */
		91F46DFC24BCF19900E49078 /* AppDelegate.swift in Sources */ = {isa = PBXBuildFile; fileRef = 91F46DFB24BCF19900E49078 /* AppDelegate.swift */; };
		91F46DFE24BCF19900E49078 /* SceneDelegate.swift in Sources */ = {isa = PBXBuildFile; fileRef = 91F46DFD24BCF19900E49078 /* SceneDelegate.swift */; };
		91F46E0024BCF19900E49078 /* SetView.swift in Sources */ = {isa = PBXBuildFile; fileRef = 91F46DFF24BCF19900E49078 /* SetView.swift */; };
		91F46E0224BCF19A00E49078 /* Assets.xcassets in Resources */ = {isa = PBXBuildFile; fileRef = 91F46E0124BCF19A00E49078 /* Assets.xcassets */; };
		91F46E0524BCF19A00E49078 /* Preview Assets.xcassets in Resources */ = {isa = PBXBuildFile; fileRef = 91F46E0424BCF19A00E49078 /* Preview Assets.xcassets */; };
		91F46E0824BCF19A00E49078 /* LaunchScreen.storyboard in Resources */ = {isa = PBXBuildFile; fileRef = 91F46E0624BCF19A00E49078 /* LaunchScreen.storyboard */; };
		91F46E1124BCF1E900E49078 /* Grid.swift in Sources */ = {isa = PBXBuildFile; fileRef = 91F46E0F24BCF1E900E49078 /* Grid.swift */; };
		91F46E1224BCF1E900E49078 /* GridLayout.swift in Sources */ = {isa = PBXBuildFile; fileRef = 91F46E1024BCF1E900E49078 /* GridLayout.swift */; };
		91F46E1424BCF2A600E49078 /* SetModel.swift in Sources */ = {isa = PBXBuildFile; fileRef = 91F46E1324BCF2A600E49078 /* SetModel.swift */; };
		91F46E1624BCFB7600E49078 /* String+Subscript.swift in Sources */ = {isa = PBXBuildFile; fileRef = 91F46E1524BCFB7600E49078 /* String+Subscript.swift */; };
		91F46E1824BCFD9500E49078 /* Array+Identifiable.swift in Sources */ = {isa = PBXBuildFile; fileRef = 91F46E1724BCFD9500E49078 /* Array+Identifiable.swift */; };
		91F46E1A24BE010D00E49078 /* ViewModel.swift in Sources */ = {isa = PBXBuildFile; fileRef = 91F46E1924BE010D00E49078 /* ViewModel.swift */; };
		91F46E1C24BE057400E49078 /* CardView.swift in Sources */ = {isa = PBXBuildFile; fileRef = 91F46E1B24BE057400E49078 /* CardView.swift */; };
		91F46E2024BF43E300E49078 /* Diamond.swift in Sources */ = {isa = PBXBuildFile; fileRef = 91F46E1F24BF43E300E49078 /* Diamond.swift */; };
		91F46E2324BF45F600E49078 /* Oval.swift in Sources */ = {isa = PBXBuildFile; fileRef = 91F46E2224BF45F600E49078 /* Oval.swift */; };
		91F46E2524BF487200E49078 /* ViewConstants.swift in Sources */ = {isa = PBXBuildFile; fileRef = 91F46E2424BF487200E49078 /* ViewConstants.swift */; };
		91F46E2724BF48FE00E49078 /* Squiggle.swift in Sources */ = {isa = PBXBuildFile; fileRef = 91F46E2624BF48FE00E49078 /* Squiggle.swift */; };
/* End PBXBuildFile section */

/* Begin PBXFileReference section */
		91EC392624C74649003D3525 /* README.md */ = {isa = PBXFileReference; lastKnownFileType = net.daringfireball.markdown; path = README.md; sourceTree = "<group>"; };
		91F46DF824BCF19900E49078 /* SetGame.app */ = {isa = PBXFileReference; explicitFileType = wrapper.application; includeInIndex = 0; path = SetGame.app; sourceTree = BUILT_PRODUCTS_DIR; };
		91F46DFB24BCF19900E49078 /* AppDelegate.swift */ = {isa = PBXFileReference; lastKnownFileType = sourcecode.swift; path = AppDelegate.swift; sourceTree = "<group>"; };
		91F46DFD24BCF19900E49078 /* SceneDelegate.swift */ = {isa = PBXFileReference; lastKnownFileType = sourcecode.swift; path = SceneDelegate.swift; sourceTree = "<group>"; };
		91F46DFF24BCF19900E49078 /* SetView.swift */ = {isa = PBXFileReference; lastKnownFileType = sourcecode.swift; path = SetView.swift; sourceTree = "<group>"; };
		91F46E0124BCF19A00E49078 /* Assets.xcassets */ = {isa = PBXFileReference; lastKnownFileType = folder.assetcatalog; path = Assets.xcassets; sourceTree = "<group>"; };
		91F46E0424BCF19A00E49078 /* Preview Assets.xcassets */ = {isa = PBXFileReference; lastKnownFileType = folder.assetcatalog; path = "Preview Assets.xcassets"; sourceTree = "<group>"; };
		91F46E0724BCF19A00E49078 /* Base */ = {isa = PBXFileReference; lastKnownFileType = file.storyboard; name = Base; path = Base.lproj/LaunchScreen.storyboard; sourceTree = "<group>"; };
		91F46E0924BCF19A00E49078 /* Info.plist */ = {isa = PBXFileReference; lastKnownFileType = text.plist.xml; path = Info.plist; sourceTree = "<group>"; };
		91F46E0F24BCF1E900E49078 /* Grid.swift */ = {isa = PBXFileReference; fileEncoding = 4; lastKnownFileType = sourcecode.swift; path = Grid.swift; sourceTree = "<group>"; };
		91F46E1024BCF1E900E49078 /* GridLayout.swift */ = {isa = PBXFileReference; fileEncoding = 4; lastKnownFileType = sourcecode.swift; path = GridLayout.swift; sourceTree = "<group>"; };
		91F46E1324BCF2A600E49078 /* SetModel.swift */ = {isa = PBXFileReference; lastKnownFileType = sourcecode.swift; path = SetModel.swift; sourceTree = "<group>"; };
		91F46E1524BCFB7600E49078 /* String+Subscript.swift */ = {isa = PBXFileReference; lastKnownFileType = sourcecode.swift; path = "String+Subscript.swift"; sourceTree = "<group>"; };
		91F46E1724BCFD9500E49078 /* Array+Identifiable.swift */ = {isa = PBXFileReference; fileEncoding = 4; lastKnownFileType = sourcecode.swift; path = "Array+Identifiable.swift"; sourceTree = "<group>"; };
		91F46E1924BE010D00E49078 /* ViewModel.swift */ = {isa = PBXFileReference; lastKnownFileType = sourcecode.swift; path = ViewModel.swift; sourceTree = "<group>"; };
		91F46E1B24BE057400E49078 /* CardView.swift */ = {isa = PBXFileReference; lastKnownFileType = sourcecode.swift; path = CardView.swift; sourceTree = "<group>"; };
		91F46E1F24BF43E300E49078 /* Diamond.swift */ = {isa = PBXFileReference; lastKnownFileType = sourcecode.swift; path = Diamond.swift; sourceTree = "<group>"; };
		91F46E2224BF45F600E49078 /* Oval.swift */ = {isa = PBXFileReference; lastKnownFileType = sourcecode.swift; path = Oval.swift; sourceTree = "<group>"; };
		91F46E2424BF487200E49078 /* ViewConstants.swift */ = {isa = PBXFileReference; lastKnownFileType = sourcecode.swift; path = ViewConstants.swift; sourceTree = "<group>"; };
		91F46E2624BF48FE00E49078 /* Squiggle.swift */ = {isa = PBXFileReference; lastKnownFileType = sourcecode.swift; path = Squiggle.swift; sourceTree = "<group>"; };
/* End PBXFileReference section */

/* Begin PBXFrameworksBuildPhase section */
		91F46DF524BCF19900E49078 /* Frameworks */ = {
			isa = PBXFrameworksBuildPhase;
			buildActionMask = 2147483647;
			files = (
			);
			runOnlyForDeploymentPostprocessing = 0;
		};
/* End PBXFrameworksBuildPhase section */

/* Begin PBXGroup section */
		91F46DEF24BCF19800E49078 = {
			isa = PBXGroup;
			children = (
				91F46DFA24BCF19900E49078 /* SetGame */,
				91F46DF924BCF19900E49078 /* Products */,
			);
			sourceTree = "<group>";
		};
		91F46DF924BCF19900E49078 /* Products */ = {
			isa = PBXGroup;
			children = (
				91F46DF824BCF19900E49078 /* SetGame.app */,
			);
			name = Products;
			sourceTree = "<group>";
		};
		91F46DFA24BCF19900E49078 /* SetGame */ = {
			isa = PBXGroup;
			children = (
				91F46E2124BF45DB00E49078 /* Views */,
				91F46DFB24BCF19900E49078 /* AppDelegate.swift */,
				91F46DFD24BCF19900E49078 /* SceneDelegate.swift */,
				91F46E1B24BE057400E49078 /* CardView.swift */,
				91F46DFF24BCF19900E49078 /* SetView.swift */,
				91F46E1924BE010D00E49078 /* ViewModel.swift */,
				91F46E1324BCF2A600E49078 /* SetModel.swift */,
				91F46E0F24BCF1E900E49078 /* Grid.swift */,
				91F46E1024BCF1E900E49078 /* GridLayout.swift */,
				91F46E1524BCFB7600E49078 /* String+Subscript.swift */,
				91F46E1724BCFD9500E49078 /* Array+Identifiable.swift */,
				91F46E0124BCF19A00E49078 /* Assets.xcassets */,
				91F46E0624BCF19A00E49078 /* LaunchScreen.storyboard */,
				91F46E0924BCF19A00E49078 /* Info.plist */,
				91F46E0324BCF19A00E49078 /* Preview Content */,
				91EC392624C74649003D3525 /* README.md */,
			);
			path = SetGame;
			sourceTree = "<group>";
		};
		91F46E0324BCF19A00E49078 /* Preview Content */ = {
			isa = PBXGroup;
			children = (
				91F46E0424BCF19A00E49078 /* Preview Assets.xcassets */,
			);
			path = "Preview Content";
			sourceTree = "<group>";
		};
		91F46E2124BF45DB00E49078 /* Views */ = {
			isa = PBXGroup;
			children = (
				91F46E1F24BF43E300E49078 /* Diamond.swift */,
				91F46E2224BF45F600E49078 /* Oval.swift */,
				91F46E2624BF48FE00E49078 /* Squiggle.swift */,
				91F46E2424BF487200E49078 /* ViewConstants.swift */,
			);
			path = Views;
			sourceTree = "<group>";
		};
/* End PBXGroup section */

/* Begin PBXNativeTarget section */
		91F46DF724BCF19900E49078 /* SetGame */ = {
			isa = PBXNativeTarget;
			buildConfigurationList = 91F46E0C24BCF19A00E49078 /* Build configuration list for PBXNativeTarget "SetGame" */;
			buildPhases = (
				91F46DF424BCF19900E49078 /* Sources */,
				91F46DF524BCF19900E49078 /* Frameworks */,
				91F46DF624BCF19900E49078 /* Resources */,
			);
			buildRules = (
			);
			dependencies = (
			);
			name = SetGame;
			productName = SetGame;
			productReference = 91F46DF824BCF19900E49078 /* SetGame.app */;
			productType = "com.apple.product-type.application";
		};
/* End PBXNativeTarget section */

/* Begin PBXProject section */
		91F46DF024BCF19800E49078 /* Project object */ = {
			isa = PBXProject;
			attributes = {
				LastSwiftUpdateCheck = 1150;
				LastUpgradeCheck = 1150;
				ORGANIZATIONNAME = AriezLabs;
				TargetAttributes = {
					91F46DF724BCF19900E49078 = {
						CreatedOnToolsVersion = 11.5;
					};
				};
			};
			buildConfigurationList = 91F46DF324BCF19800E49078 /* Build configuration list for PBXProject "SetGame" */;
			compatibilityVersion = "Xcode 9.3";
			developmentRegion = en;
			hasScannedForEncodings = 0;
			knownRegions = (
				en,
				Base,
			);
			mainGroup = 91F46DEF24BCF19800E49078;
			productRefGroup = 91F46DF924BCF19900E49078 /* Products */;
			projectDirPath = "";
			projectRoot = "";
			targets = (
				91F46DF724BCF19900E49078 /* SetGame */,
			);
		};
/* End PBXProject section */

/* Begin PBXResourcesBuildPhase section */
		91F46DF624BCF19900E49078 /* Resources */ = {
			isa = PBXResourcesBuildPhase;
			buildActionMask = 2147483647;
			files = (
				91F46E0824BCF19A00E49078 /* LaunchScreen.storyboard in Resources */,
				91F46E0524BCF19A00E49078 /* Preview Assets.xcassets in Resources */,
				91F46E0224BCF19A00E49078 /* Assets.xcassets in Resources */,
			);
			runOnlyForDeploymentPostprocessing = 0;
		};
/* End PBXResourcesBuildPhase section */

/* Begin PBXSourcesBuildPhase section */
		91F46DF424BCF19900E49078 /* Sources */ = {
			isa = PBXSourcesBuildPhase;
			buildActionMask = 2147483647;
			files = (
				91F46E2724BF48FE00E49078 /* Squiggle.swift in Sources */,
				91F46E2024BF43E300E49078 /* Diamond.swift in Sources */,
				91F46DFC24BCF19900E49078 /* AppDelegate.swift in Sources */,
				91F46E2524BF487200E49078 /* ViewConstants.swift in Sources */,
				91F46E1A24BE010D00E49078 /* ViewModel.swift in Sources */,
				91F46DFE24BCF19900E49078 /* SceneDelegate.swift in Sources */,
				91F46E1224BCF1E900E49078 /* GridLayout.swift in Sources */,
				91F46E1C24BE057400E49078 /* CardView.swift in Sources */,
				91F46E2324BF45F600E49078 /* Oval.swift in Sources */,
				91F46E0024BCF19900E49078 /* SetView.swift in Sources */,
				91F46E1424BCF2A600E49078 /* SetModel.swift in Sources */,
				91F46E1824BCFD9500E49078 /* Array+Identifiable.swift in Sources */,
				91F46E1624BCFB7600E49078 /* String+Subscript.swift in Sources */,
				91F46E1124BCF1E900E49078 /* Grid.swift in Sources */,
			);
			runOnlyForDeploymentPostprocessing = 0;
		};
/* End PBXSourcesBuildPhase section */

/* Begin PBXVariantGroup section */
		91F46E0624BCF19A00E49078 /* LaunchScreen.storyboard */ = {
			isa = PBXVariantGroup;
			children = (
				91F46E0724BCF19A00E49078 /* Base */,
			);
			name = LaunchScreen.storyboard;
			sourceTree = "<group>";
		};
/* End PBXVariantGroup section */

/* Begin XCBuildConfiguration section */
		91F46E0A24BCF19A00E49078 /* Debug */ = {
			isa = XCBuildConfiguration;
			buildSettings = {
				ALWAYS_SEARCH_USER_PATHS = NO;
				CLANG_ANALYZER_NONNULL = YES;
				CLANG_ANALYZER_NUMBER_OBJECT_CONVERSION = YES_AGGRESSIVE;
				CLANG_CXX_LANGUAGE_STANDARD = "gnu++14";
				CLANG_CXX_LIBRARY = "libc++";
				CLANG_ENABLE_MODULES = YES;
				CLANG_ENABLE_OBJC_ARC = YES;
				CLANG_ENABLE_OBJC_WEAK = YES;
				CLANG_WARN_BLOCK_CAPTURE_AUTORELEASING = YES;
				CLANG_WARN_BOOL_CONVERSION = YES;
				CLANG_WARN_COMMA = YES;
				CLANG_WARN_CONSTANT_CONVERSION = YES;
				CLANG_WARN_DEPRECATED_OBJC_IMPLEMENTATIONS = YES;
				CLANG_WARN_DIRECT_OBJC_ISA_USAGE = YES_ERROR;
				CLANG_WARN_DOCUMENTATION_COMMENTS = YES;
				CLANG_WARN_EMPTY_BODY = YES;
				CLANG_WARN_ENUM_CONVERSION = YES;
				CLANG_WARN_INFINITE_RECURSION = YES;
				CLANG_WARN_INT_CONVERSION = YES;
				CLANG_WARN_NON_LITERAL_NULL_CONVERSION = YES;
				CLANG_WARN_OBJC_IMPLICIT_RETAIN_SELF = YES;
				CLANG_WARN_OBJC_LITERAL_CONVERSION = YES;
				CLANG_WARN_OBJC_ROOT_CLASS = YES_ERROR;
				CLANG_WARN_RANGE_LOOP_ANALYSIS = YES;
				CLANG_WARN_STRICT_PROTOTYPES = YES;
				CLANG_WARN_SUSPICIOUS_MOVE = YES;
				CLANG_WARN_UNGUARDED_AVAILABILITY = YES_AGGRESSIVE;
				CLANG_WARN_UNREACHABLE_CODE = YES;
				CLANG_WARN__DUPLICATE_METHOD_MATCH = YES;
				COPY_PHASE_STRIP = NO;
				DEBUG_INFORMATION_FORMAT = dwarf;
				ENABLE_STRICT_OBJC_MSGSEND = YES;
				ENABLE_TESTABILITY = YES;
				GCC_C_LANGUAGE_STANDARD = gnu11;
				GCC_DYNAMIC_NO_PIC = NO;
				GCC_NO_COMMON_BLOCKS = YES;
				GCC_OPTIMIZATION_LEVEL = 0;
				GCC_PREPROCESSOR_DEFINITIONS = (
					"DEBUG=1",
					"$(inherited)",
				);
				GCC_WARN_64_TO_32_BIT_CONVERSION = YES;
				GCC_WARN_ABOUT_RETURN_TYPE = YES_ERROR;
				GCC_WARN_UNDECLARED_SELECTOR = YES;
				GCC_WARN_UNINITIALIZED_AUTOS = YES_AGGRESSIVE;
				GCC_WARN_UNUSED_FUNCTION = YES;
				GCC_WARN_UNUSED_VARIABLE = YES;
				IPHONEOS_DEPLOYMENT_TARGET = 13.5;
				MTL_ENABLE_DEBUG_INFO = INCLUDE_SOURCE;
				MTL_FAST_MATH = YES;
				ONLY_ACTIVE_ARCH = YES;
				SDKROOT = iphoneos;
				SWIFT_ACTIVE_COMPILATION_CONDITIONS = DEBUG;
				SWIFT_OPTIMIZATION_LEVEL = "-Onone";
			};
			name = Debug;
		};
		91F46E0B24BCF19A00E49078 /* Release */ = {
			isa = XCBuildConfiguration;
			buildSettings = {
				ALWAYS_SEARCH_USER_PATHS = NO;
				CLANG_ANALYZER_NONNULL = YES;
				CLANG_ANALYZER_NUMBER_OBJECT_CONVERSION = YES_AGGRESSIVE;
				CLANG_CXX_LANGUAGE_STANDARD = "gnu++14";
				CLANG_CXX_LIBRARY = "libc++";
				CLANG_ENABLE_MODULES = YES;
				CLANG_ENABLE_OBJC_ARC = YES;
				CLANG_ENABLE_OBJC_WEAK = YES;
				CLANG_WARN_BLOCK_CAPTURE_AUTORELEASING = YES;
				CLANG_WARN_BOOL_CONVERSION = YES;
				CLANG_WARN_COMMA = YES;
				CLANG_WARN_CONSTANT_CONVERSION = YES;
				CLANG_WARN_DEPRECATED_OBJC_IMPLEMENTATIONS = YES;
				CLANG_WARN_DIRECT_OBJC_ISA_USAGE = YES_ERROR;
				CLANG_WARN_DOCUMENTATION_COMMENTS = YES;
				CLANG_WARN_EMPTY_BODY = YES;
				CLANG_WARN_ENUM_CONVERSION = YES;
				CLANG_WARN_INFINITE_RECURSION = YES;
				CLANG_WARN_INT_CONVERSION = YES;
				CLANG_WARN_NON_LITERAL_NULL_CONVERSION = YES;
				CLANG_WARN_OBJC_IMPLICIT_RETAIN_SELF = YES;
				CLANG_WARN_OBJC_LITERAL_CONVERSION = YES;
				CLANG_WARN_OBJC_ROOT_CLASS = YES_ERROR;
				CLANG_WARN_RANGE_LOOP_ANALYSIS = YES;
				CLANG_WARN_STRICT_PROTOTYPES = YES;
				CLANG_WARN_SUSPICIOUS_MOVE = YES;
				CLANG_WARN_UNGUARDED_AVAILABILITY = YES_AGGRESSIVE;
				CLANG_WARN_UNREACHABLE_CODE = YES;
				CLANG_WARN__DUPLICATE_METHOD_MATCH = YES;
				COPY_PHASE_STRIP = NO;
				DEBUG_INFORMATION_FORMAT = "dwarf-with-dsym";
				ENABLE_NS_ASSERTIONS = NO;
				ENABLE_STRICT_OBJC_MSGSEND = YES;
				GCC_C_LANGUAGE_STANDARD = gnu11;
				GCC_NO_COMMON_BLOCKS = YES;
				GCC_WARN_64_TO_32_BIT_CONVERSION = YES;
				GCC_WARN_ABOUT_RETURN_TYPE = YES_ERROR;
				GCC_WARN_UNDECLARED_SELECTOR = YES;
				GCC_WARN_UNINITIALIZED_AUTOS = YES_AGGRESSIVE;
				GCC_WARN_UNUSED_FUNCTION = YES;
				GCC_WARN_UNUSED_VARIABLE = YES;
				IPHONEOS_DEPLOYMENT_TARGET = 13.5;
				MTL_ENABLE_DEBUG_INFO = NO;
				MTL_FAST_MATH = YES;
				SDKROOT = iphoneos;
				SWIFT_COMPILATION_MODE = wholemodule;
				SWIFT_OPTIMIZATION_LEVEL = "-O";
				VALIDATE_PRODUCT = YES;
			};
			name = Release;
		};
		91F46E0D24BCF19A00E49078 /* Debug */ = {
			isa = XCBuildConfiguration;
			buildSettings = {
				ASSETCATALOG_COMPILER_APPICON_NAME = AppIcon;
				CODE_SIGN_STYLE = Automatic;
				DEVELOPMENT_ASSET_PATHS = "\"SetGame/Preview Content\"";
				DEVELOPMENT_TEAM = 2S39MFYC8N;
				ENABLE_PREVIEWS = YES;
				INFOPLIST_FILE = SetGame/Info.plist;
				IPHONEOS_DEPLOYMENT_TARGET = 13.3;
				LD_RUNPATH_SEARCH_PATHS = (
					"$(inherited)",
					"@executable_path/Frameworks",
				);
				PRODUCT_BUNDLE_IDENTIFIER = com.ariezlabs.SetGame;
				PRODUCT_NAME = "$(TARGET_NAME)";
				SWIFT_VERSION = 5.0;
				TARGETED_DEVICE_FAMILY = "1,2";
			};
			name = Debug;
		};
		91F46E0E24BCF19A00E49078 /* Release */ = {
			isa = XCBuildConfiguration;
			buildSettings = {
				ASSETCATALOG_COMPILER_APPICON_NAME = AppIcon;
				CODE_SIGN_STYLE = Automatic;
				DEVELOPMENT_ASSET_PATHS = "\"SetGame/Preview Content\"";
				DEVELOPMENT_TEAM = 2S39MFYC8N;
				ENABLE_PREVIEWS = YES;
				INFOPLIST_FILE = SetGame/Info.plist;
				IPHONEOS_DEPLOYMENT_TARGET = 13.3;
				LD_RUNPATH_SEARCH_PATHS = (
					"$(inherited)",
					"@executable_path/Frameworks",
				);
				PRODUCT_BUNDLE_IDENTIFIER = com.ariezlabs.SetGame;
				PRODUCT_NAME = "$(TARGET_NAME)";
				SWIFT_VERSION = 5.0;
				TARGETED_DEVICE_FAMILY = "1,2";
			};
			name = Release;
		};
/* End XCBuildConfiguration section */

/* Begin XCConfigurationList section */
		91F46DF324BCF19800E49078 /* Build configuration list for PBXProject "SetGame" */ = {
			isa = XCConfigurationList;
			buildConfigurations = (
				91F46E0A24BCF19A00E49078 /* Debug */,
				91F46E0B24BCF19A00E49078 /* Release */,
			);
			defaultConfigurationIsVisible = 0;
			defaultConfigurationName = Release;
		};
		91F46E0C24BCF19A00E49078 /* Build configuration list for PBXNativeTarget "SetGame" */ = {
			isa = XCConfigurationList;
			buildConfigurations = (
				91F46E0D24BCF19A00E49078 /* Debug */,
				91F46E0E24BCF19A00E49078 /* Release */,
			);
			defaultConfigurationIsVisible = 0;
			defaultConfigurationName = Release;
		};
/* End XCConfigurationList section */
	};
	rootObject = 91F46DF024BCF19800E49078 /* Project object */;
}
